
Microsoft Visual Studio Solution File, Format Version 12.00
# Visual Studio Version 17
VisualStudioVersion = 17.9.34723.18
MinimumVisualStudioVersion = 10.0.40219.1
Project("{9A19103F-16F7-4668-BE54-9A1E7A4F7556}") = "AKMDotNetCore.ConsoleApp", "AKMDotNetCore.ConsoleApp\AKMDotNetCore.ConsoleApp.csproj", "{3AB5A63D-BBEC-4ECA-835B-8CAD78A12AD7}"
EndProject
Project("{2150E333-8FDC-42A3-9474-1A3956D46DE8}") = "Documents", "Documents", "{23C615D0-5EDA-4B14-9DDE-A1BE9EECB8D2}"
	ProjectSection(SolutionItems) = preProject
		DotNetAKM.sql = DotNetAKM.sql
		README.md = README.md
	EndProjectSection
EndProject
Project("{FAE04EC0-301F-11D3-BF4B-00C04F79EFBC}") = "AKM.RestApi", "AKM.RestApi\AKM.RestApi.csproj", "{DDA44076-17B4-417E-BDE4-5CC29C383131}"
EndProject
Global
	GlobalSection(SolutionConfigurationPlatforms) = preSolution
		Debug|Any CPU = Debug|Any CPU
		Release|Any CPU = Release|Any CPU
	EndGlobalSection
	GlobalSection(ProjectConfigurationPlatforms) = postSolution
		{3AB5A63D-BBEC-4ECA-835B-8CAD78A12AD7}.Debug|Any CPU.ActiveCfg = Debug|Any CPU
		{3AB5A63D-BBEC-4ECA-835B-8CAD78A12AD7}.Debug|Any CPU.Build.0 = Debug|Any CPU
		{3AB5A63D-BBEC-4ECA-835B-8CAD78A12AD7}.Release|Any CPU.ActiveCfg = Release|Any CPU
		{3AB5A63D-BBEC-4ECA-835B-8CAD78A12AD7}.Release|Any CPU.Build.0 = Release|Any CPU
		{DDA44076-17B4-417E-BDE4-5CC29C383131}.Debug|Any CPU.ActiveCfg = Debug|Any CPU
		{DDA44076-17B4-417E-BDE4-5CC29C383131}.Debug|Any CPU.Build.0 = Debug|Any CPU
		{DDA44076-17B4-417E-BDE4-5CC29C383131}.Release|Any CPU.ActiveCfg = Release|Any CPU
		{DDA44076-17B4-417E-BDE4-5CC29C383131}.Release|Any CPU.Build.0 = Release|Any CPU
	EndGlobalSection
	GlobalSection(SolutionProperties) = preSolution
		HideSolutionNode = FALSE
	EndGlobalSection
	GlobalSection(ExtensibilityGlobals) = postSolution
		SolutionGuid = {BEB3706B-4D48-4F70-BF6D-1512BF517867}
	EndGlobalSection
EndGlobal
