
Microsoft Visual Studio Solution File, Format Version 12.00
# Visual Studio Version 17
VisualStudioVersion = 17.9.34723.18
MinimumVisualStudioVersion = 10.0.40219.1
Project("{9A19103F-16F7-4668-BE54-9A1E7A4F7556}") = "AKMDotNetCore.ConsoleApp", "AKMDotNetCore.ConsoleApp\AKMDotNetCore.ConsoleApp.csproj", "{3AB5A63D-BBEC-4ECA-835B-8CAD78A12AD7}"
EndProject
Project("{2150E333-8FDC-42A3-9474-1A3956D46DE8}") = "Documents", "Documents", "{23C615D0-5EDA-4B14-9DDE-A1BE9EECB8D2}"
	ProjectSection(SolutionItems) = preProject
		DotNetAKM.sql = DotNetAKM.sql
		README.md = README.md
	EndProjectSection
EndProject
Project("{9A19103F-16F7-4668-BE54-9A1E7A4F7556}") = "AKM.RestApi", "AKM.RestApi\AKM.RestApi.csproj", "{DDA44076-17B4-417E-BDE4-5CC29C383131}"
EndProject
Project("{9A19103F-16F7-4668-BE54-9A1E7A4F7556}") = "AKMDotNetCore.Shared", "AKMDotNetCore.Shared\AKMDotNetCore.Shared.csproj", "{A0F89EE9-3FE8-4A48-A895-1A676754944A}"
EndProject
Project("{9A19103F-16F7-4668-BE54-9A1E7A4F7556}") = "AKMDotNetCore.RestApiWithNLayer", "AKMDotNetCore.RestApiWithNLayer\AKMDotNetCore.RestApiWithNLayer.csproj", "{3FAA1AD6-1633-4C89-B37C-314041D60C97}"
EndProject
Project("{9A19103F-16F7-4668-BE54-9A1E7A4F7556}") = "AKMDotNetCore.ConsoleAppHttpClient", "AKMDotNetCore.ConsoleAppHttpClient\AKMDotNetCore.ConsoleAppHttpClient.csproj", "{58AB7027-CC98-4BD1-A793-0FAEE1E0077F}"
EndProject
Project("{9A19103F-16F7-4668-BE54-9A1E7A4F7556}") = "AKMDotNetCore.ConsoleAppHttpClientExamples", "AKMDotNetCore.ConsoleAppHttpClientExamples\AKMDotNetCore.ConsoleAppHttpClientExamples.csproj", "{3B682D3E-B0DE-4C0F-B6A9-1769D839BFC9}"
EndProject
Project("{9A19103F-16F7-4668-BE54-9A1E7A4F7556}") = "AKMDotNetCore.ConsoleAppRestClientExamples", "AKMDotNetCore.ConsoleAppRestClientExamples\AKMDotNetCore.ConsoleAppRestClientExamples.csproj", "{84272D9C-FE48-411A-87CE-18E21B8EB2D7}"
EndProject
Project("{FAE04EC0-301F-11D3-BF4B-00C04F79EFBC}") = "AKMDotNetCore.PizzaApi", "AKMDotNetCore.PizzaApi\AKMDotNetCore.PizzaApi.csproj", "{4DE91803-24CB-4D70-854C-C14C6F80C1EE}"
EndProject
Project("{FAE04EC0-301F-11D3-BF4B-00C04F79EFBC}") = "AKMDotNetCore.ConsoleAppRefitExamples", "AKMDotNetCore.ConsoleAppRefitExamples\AKMDotNetCore.ConsoleAppRefitExamples.csproj", "{2AAA8F50-1416-4EFA-81DB-D66556E5D842}"
EndProject
Project("{FAE04EC0-301F-11D3-BF4B-00C04F79EFBC}") = "AKMDotNetCore.WinFormsApp", "AKMDotNetCore.WinFormsApp\AKMDotNetCore.WinFormsApp.csproj", "{294F991E-07C9-46B3-BF9C-549B9BB88296}"
EndProject
Global
	GlobalSection(SolutionConfigurationPlatforms) = preSolution
		Debug|Any CPU = Debug|Any CPU
		Release|Any CPU = Release|Any CPU
	EndGlobalSection
	GlobalSection(ProjectConfigurationPlatforms) = postSolution
		{3AB5A63D-BBEC-4ECA-835B-8CAD78A12AD7}.Debug|Any CPU.ActiveCfg = Debug|Any CPU
		{3AB5A63D-BBEC-4ECA-835B-8CAD78A12AD7}.Debug|Any CPU.Build.0 = Debug|Any CPU
		{3AB5A63D-BBEC-4ECA-835B-8CAD78A12AD7}.Release|Any CPU.ActiveCfg = Release|Any CPU
		{3AB5A63D-BBEC-4ECA-835B-8CAD78A12AD7}.Release|Any CPU.Build.0 = Release|Any CPU
		{DDA44076-17B4-417E-BDE4-5CC29C383131}.Debug|Any CPU.ActiveCfg = Debug|Any CPU
		{DDA44076-17B4-417E-BDE4-5CC29C383131}.Debug|Any CPU.Build.0 = Debug|Any CPU
		{DDA44076-17B4-417E-BDE4-5CC29C383131}.Release|Any CPU.ActiveCfg = Release|Any CPU
		{DDA44076-17B4-417E-BDE4-5CC29C383131}.Release|Any CPU.Build.0 = Release|Any CPU
		{A0F89EE9-3FE8-4A48-A895-1A676754944A}.Debug|Any CPU.ActiveCfg = Debug|Any CPU
		{A0F89EE9-3FE8-4A48-A895-1A676754944A}.Debug|Any CPU.Build.0 = Debug|Any CPU
		{A0F89EE9-3FE8-4A48-A895-1A676754944A}.Release|Any CPU.ActiveCfg = Release|Any CPU
		{A0F89EE9-3FE8-4A48-A895-1A676754944A}.Release|Any CPU.Build.0 = Release|Any CPU
		{3FAA1AD6-1633-4C89-B37C-314041D60C97}.Debug|Any CPU.ActiveCfg = Debug|Any CPU
		{3FAA1AD6-1633-4C89-B37C-314041D60C97}.Debug|Any CPU.Build.0 = Debug|Any CPU
		{3FAA1AD6-1633-4C89-B37C-314041D60C97}.Release|Any CPU.ActiveCfg = Release|Any CPU
		{3FAA1AD6-1633-4C89-B37C-314041D60C97}.Release|Any CPU.Build.0 = Release|Any CPU
		{58AB7027-CC98-4BD1-A793-0FAEE1E0077F}.Debug|Any CPU.ActiveCfg = Debug|Any CPU
		{58AB7027-CC98-4BD1-A793-0FAEE1E0077F}.Debug|Any CPU.Build.0 = Debug|Any CPU
		{58AB7027-CC98-4BD1-A793-0FAEE1E0077F}.Release|Any CPU.ActiveCfg = Release|Any CPU
		{58AB7027-CC98-4BD1-A793-0FAEE1E0077F}.Release|Any CPU.Build.0 = Release|Any CPU
		{3B682D3E-B0DE-4C0F-B6A9-1769D839BFC9}.Debug|Any CPU.ActiveCfg = Debug|Any CPU
		{3B682D3E-B0DE-4C0F-B6A9-1769D839BFC9}.Debug|Any CPU.Build.0 = Debug|Any CPU
		{3B682D3E-B0DE-4C0F-B6A9-1769D839BFC9}.Release|Any CPU.ActiveCfg = Release|Any CPU
		{3B682D3E-B0DE-4C0F-B6A9-1769D839BFC9}.Release|Any CPU.Build.0 = Release|Any CPU
		{84272D9C-FE48-411A-87CE-18E21B8EB2D7}.Debug|Any CPU.ActiveCfg = Debug|Any CPU
		{84272D9C-FE48-411A-87CE-18E21B8EB2D7}.Debug|Any CPU.Build.0 = Debug|Any CPU
		{84272D9C-FE48-411A-87CE-18E21B8EB2D7}.Release|Any CPU.ActiveCfg = Release|Any CPU
		{84272D9C-FE48-411A-87CE-18E21B8EB2D7}.Release|Any CPU.Build.0 = Release|Any CPU
		{4DE91803-24CB-4D70-854C-C14C6F80C1EE}.Debug|Any CPU.ActiveCfg = Debug|Any CPU
		{4DE91803-24CB-4D70-854C-C14C6F80C1EE}.Debug|Any CPU.Build.0 = Debug|Any CPU
		{4DE91803-24CB-4D70-854C-C14C6F80C1EE}.Release|Any CPU.ActiveCfg = Release|Any CPU
		{4DE91803-24CB-4D70-854C-C14C6F80C1EE}.Release|Any CPU.Build.0 = Release|Any CPU
		{2AAA8F50-1416-4EFA-81DB-D66556E5D842}.Debug|Any CPU.ActiveCfg = Debug|Any CPU
		{2AAA8F50-1416-4EFA-81DB-D66556E5D842}.Debug|Any CPU.Build.0 = Debug|Any CPU
		{2AAA8F50-1416-4EFA-81DB-D66556E5D842}.Release|Any CPU.ActiveCfg = Release|Any CPU
		{2AAA8F50-1416-4EFA-81DB-D66556E5D842}.Release|Any CPU.Build.0 = Release|Any CPU
		{294F991E-07C9-46B3-BF9C-549B9BB88296}.Debug|Any CPU.ActiveCfg = Debug|Any CPU
		{294F991E-07C9-46B3-BF9C-549B9BB88296}.Debug|Any CPU.Build.0 = Debug|Any CPU
		{294F991E-07C9-46B3-BF9C-549B9BB88296}.Release|Any CPU.ActiveCfg = Release|Any CPU
		{294F991E-07C9-46B3-BF9C-549B9BB88296}.Release|Any CPU.Build.0 = Release|Any CPU
	EndGlobalSection
	GlobalSection(SolutionProperties) = preSolution
		HideSolutionNode = FALSE
	EndGlobalSection
	GlobalSection(ExtensibilityGlobals) = postSolution
		SolutionGuid = {BEB3706B-4D48-4F70-BF6D-1512BF517867}
	EndGlobalSection
EndGlobal
